
Microsoft Visual Studio Solution File, Format Version 12.00
# Visual Studio 2013
VisualStudioVersion = 12.0.20827.3
MinimumVisualStudioVersion = 10.0.40219.1
Project("{FAE04EC0-301F-11D3-BF4B-00C04F79EFBC}") = "01.SurfaceCalculator", "01.SurfaceCalculator\01.SurfaceCalculator.csproj", "{96B8A339-B686-4B84-9262-474A26945E67}"
EndProject
Project("{FAE04EC0-301F-11D3-BF4B-00C04F79EFBC}") = "02.Bank", "02.Bank\02.Bank.csproj", "{1FE654B6-14F9-48F8-879B-9F99BF82EDEE}"
EndProject
Project("{FAE04EC0-301F-11D3-BF4B-00C04F79EFBC}") = "03.ExceptionInvalid", "03.ExceptionInvalid\03.ExceptionInvalid.csproj", "{82DE6634-0B7C-4B2E-8169-8EB2651FC695}"
EndProject
Global
	GlobalSection(SolutionConfigurationPlatforms) = preSolution
		Debug|Any CPU = Debug|Any CPU
		Release|Any CPU = Release|Any CPU
	EndGlobalSection
	GlobalSection(ProjectConfigurationPlatforms) = postSolution
		{96B8A339-B686-4B84-9262-474A26945E67}.Debug|Any CPU.ActiveCfg = Debug|Any CPU
		{96B8A339-B686-4B84-9262-474A26945E67}.Debug|Any CPU.Build.0 = Debug|Any CPU
		{96B8A339-B686-4B84-9262-474A26945E67}.Release|Any CPU.ActiveCfg = Release|Any CPU
		{96B8A339-B686-4B84-9262-474A26945E67}.Release|Any CPU.Build.0 = Release|Any CPU
		{1FE654B6-14F9-48F8-879B-9F99BF82EDEE}.Debug|Any CPU.ActiveCfg = Debug|Any CPU
		{1FE654B6-14F9-48F8-879B-9F99BF82EDEE}.Debug|Any CPU.Build.0 = Debug|Any CPU
		{1FE654B6-14F9-48F8-879B-9F99BF82EDEE}.Release|Any CPU.ActiveCfg = Release|Any CPU
		{1FE654B6-14F9-48F8-879B-9F99BF82EDEE}.Release|Any CPU.Build.0 = Release|Any CPU
		{82DE6634-0B7C-4B2E-8169-8EB2651FC695}.Debug|Any CPU.ActiveCfg = Debug|Any CPU
		{82DE6634-0B7C-4B2E-8169-8EB2651FC695}.Debug|Any CPU.Build.0 = Debug|Any CPU
		{82DE6634-0B7C-4B2E-8169-8EB2651FC695}.Release|Any CPU.ActiveCfg = Release|Any CPU
		{82DE6634-0B7C-4B2E-8169-8EB2651FC695}.Release|Any CPU.Build.0 = Release|Any CPU
	EndGlobalSection
	GlobalSection(SolutionProperties) = preSolution
		HideSolutionNode = FALSE
	EndGlobalSection
EndGlobal
