
Microsoft Visual Studio Solution File, Format Version 12.00
# Visual Studio Express 2012 for Windows Desktop
Project("{FAE04EC0-301F-11D3-BF4B-00C04F79EFBC}") = "01.OddOrEven", "01.OddOrEven\01.OddOrEven.csproj", "{8E282DFB-9E8E-4A50-A662-052924407388}"
EndProject
Project("{FAE04EC0-301F-11D3-BF4B-00C04F79EFBC}") = "02.DividWithoutEemainder", "02.DividWithoutEemainder\02.DividWithoutEemainder.csproj", "{A0B527B3-93EA-4807-9AB1-5EC9AF3EE700}"
EndProject
Project("{FAE04EC0-301F-11D3-BF4B-00C04F79EFBC}") = "03.RectanglesArea", "03.RectanglesArea\03.RectanglesArea.csproj", "{7F36838F-6B06-4D45-BC04-9FF68DADCC63}"
EndProject
Project("{FAE04EC0-301F-11D3-BF4B-00C04F79EFBC}") = "04.TheThirdDigit", "04.TheThirdDigit\04.TheThirdDigit.csproj", "{2329B2DB-4BE0-4BE8-88AA-D31E18CE33D5}"
EndProject
Project("{FAE04EC0-301F-11D3-BF4B-00C04F79EFBC}") = "05.TheThirdBit", "05.TheThirdBit\05.TheThirdBit.csproj", "{681FDA05-9916-4531-9D0E-399B2EA8941D}"
EndProject
Project("{FAE04EC0-301F-11D3-BF4B-00C04F79EFBC}") = "06.PointInSircle", "06.PintInSircle\06.PointInSircle.csproj", "{DE39598D-E08B-421D-9818-9E3A66061FB4}"
EndProject
Project("{FAE04EC0-301F-11D3-BF4B-00C04F79EFBC}") = "07.PrimeNumber", "07.PrimeNumber\07.PrimeNumber.csproj", "{35587361-6132-460F-8E70-69596CC066AF}"
EndProject
Project("{FAE04EC0-301F-11D3-BF4B-00C04F79EFBC}") = "08.TrapezoidsArea", "08.TrapezoidsArea\08.TrapezoidsArea.csproj", "{C38F7140-AB2A-4DFD-99BE-42F43CD4F7C7}"
EndProject
Project("{FAE04EC0-301F-11D3-BF4B-00C04F79EFBC}") = "09.InCircleOutRectangle", "09.InCircleOutRectangle\09.InCircleOutRectangle.csproj", "{EB43C912-F8CB-4E50-99C0-2E2DE37690E3}"
EndProject
Project("{FAE04EC0-301F-11D3-BF4B-00C04F79EFBC}") = "10.BitPosition", "10.BitPosition\10.BitPosition.csproj", "{1F1BAB2B-CF94-4108-A0AC-AC0F4C425560}"
EndProject
Project("{FAE04EC0-301F-11D3-BF4B-00C04F79EFBC}") = "11.BitNumber", "11.BitNumber\11.BitNumber.csproj", "{1BB3F7EE-15AC-4417-A27E-FF790D0A960B}"
EndProject
Project("{FAE04EC0-301F-11D3-BF4B-00C04F79EFBC}") = "12.NumberValuePosition", "12.NumberValuePosition\12.NumberValuePosition.csproj", "{5E91C845-4CFB-48E8-A431-73C428681389}"
EndProject
Project("{FAE04EC0-301F-11D3-BF4B-00C04F79EFBC}") = "13.ExchangeBits", "13.ExchangeBits\13.ExchangeBits.csproj", "{C78925FE-9F35-48F7-B401-82CE0C8CFF41}"
EndProject
Global
	GlobalSection(SolutionConfigurationPlatforms) = preSolution
		Debug|Any CPU = Debug|Any CPU
		Release|Any CPU = Release|Any CPU
	EndGlobalSection
	GlobalSection(ProjectConfigurationPlatforms) = postSolution
		{8E282DFB-9E8E-4A50-A662-052924407388}.Debug|Any CPU.ActiveCfg = Debug|Any CPU
		{8E282DFB-9E8E-4A50-A662-052924407388}.Debug|Any CPU.Build.0 = Debug|Any CPU
		{8E282DFB-9E8E-4A50-A662-052924407388}.Release|Any CPU.ActiveCfg = Release|Any CPU
		{8E282DFB-9E8E-4A50-A662-052924407388}.Release|Any CPU.Build.0 = Release|Any CPU
		{A0B527B3-93EA-4807-9AB1-5EC9AF3EE700}.Debug|Any CPU.ActiveCfg = Debug|Any CPU
		{A0B527B3-93EA-4807-9AB1-5EC9AF3EE700}.Debug|Any CPU.Build.0 = Debug|Any CPU
		{A0B527B3-93EA-4807-9AB1-5EC9AF3EE700}.Release|Any CPU.ActiveCfg = Release|Any CPU
		{A0B527B3-93EA-4807-9AB1-5EC9AF3EE700}.Release|Any CPU.Build.0 = Release|Any CPU
		{7F36838F-6B06-4D45-BC04-9FF68DADCC63}.Debug|Any CPU.ActiveCfg = Debug|Any CPU
		{7F36838F-6B06-4D45-BC04-9FF68DADCC63}.Debug|Any CPU.Build.0 = Debug|Any CPU
		{7F36838F-6B06-4D45-BC04-9FF68DADCC63}.Release|Any CPU.ActiveCfg = Release|Any CPU
		{7F36838F-6B06-4D45-BC04-9FF68DADCC63}.Release|Any CPU.Build.0 = Release|Any CPU
		{2329B2DB-4BE0-4BE8-88AA-D31E18CE33D5}.Debug|Any CPU.ActiveCfg = Debug|Any CPU
		{2329B2DB-4BE0-4BE8-88AA-D31E18CE33D5}.Debug|Any CPU.Build.0 = Debug|Any CPU
		{2329B2DB-4BE0-4BE8-88AA-D31E18CE33D5}.Release|Any CPU.ActiveCfg = Release|Any CPU
		{2329B2DB-4BE0-4BE8-88AA-D31E18CE33D5}.Release|Any CPU.Build.0 = Release|Any CPU
		{681FDA05-9916-4531-9D0E-399B2EA8941D}.Debug|Any CPU.ActiveCfg = Debug|Any CPU
		{681FDA05-9916-4531-9D0E-399B2EA8941D}.Debug|Any CPU.Build.0 = Debug|Any CPU
		{681FDA05-9916-4531-9D0E-399B2EA8941D}.Release|Any CPU.ActiveCfg = Release|Any CPU
		{681FDA05-9916-4531-9D0E-399B2EA8941D}.Release|Any CPU.Build.0 = Release|Any CPU
		{DE39598D-E08B-421D-9818-9E3A66061FB4}.Debug|Any CPU.ActiveCfg = Debug|Any CPU
		{DE39598D-E08B-421D-9818-9E3A66061FB4}.Debug|Any CPU.Build.0 = Debug|Any CPU
		{DE39598D-E08B-421D-9818-9E3A66061FB4}.Release|Any CPU.ActiveCfg = Release|Any CPU
		{DE39598D-E08B-421D-9818-9E3A66061FB4}.Release|Any CPU.Build.0 = Release|Any CPU
		{35587361-6132-460F-8E70-69596CC066AF}.Debug|Any CPU.ActiveCfg = Debug|Any CPU
		{35587361-6132-460F-8E70-69596CC066AF}.Debug|Any CPU.Build.0 = Debug|Any CPU
		{35587361-6132-460F-8E70-69596CC066AF}.Release|Any CPU.ActiveCfg = Release|Any CPU
		{35587361-6132-460F-8E70-69596CC066AF}.Release|Any CPU.Build.0 = Release|Any CPU
		{C38F7140-AB2A-4DFD-99BE-42F43CD4F7C7}.Debug|Any CPU.ActiveCfg = Debug|Any CPU
		{C38F7140-AB2A-4DFD-99BE-42F43CD4F7C7}.Debug|Any CPU.Build.0 = Debug|Any CPU
		{C38F7140-AB2A-4DFD-99BE-42F43CD4F7C7}.Release|Any CPU.ActiveCfg = Release|Any CPU
		{C38F7140-AB2A-4DFD-99BE-42F43CD4F7C7}.Release|Any CPU.Build.0 = Release|Any CPU
		{EB43C912-F8CB-4E50-99C0-2E2DE37690E3}.Debug|Any CPU.ActiveCfg = Debug|Any CPU
		{EB43C912-F8CB-4E50-99C0-2E2DE37690E3}.Debug|Any CPU.Build.0 = Debug|Any CPU
		{EB43C912-F8CB-4E50-99C0-2E2DE37690E3}.Release|Any CPU.ActiveCfg = Release|Any CPU
		{EB43C912-F8CB-4E50-99C0-2E2DE37690E3}.Release|Any CPU.Build.0 = Release|Any CPU
		{1F1BAB2B-CF94-4108-A0AC-AC0F4C425560}.Debug|Any CPU.ActiveCfg = Debug|Any CPU
		{1F1BAB2B-CF94-4108-A0AC-AC0F4C425560}.Debug|Any CPU.Build.0 = Debug|Any CPU
		{1F1BAB2B-CF94-4108-A0AC-AC0F4C425560}.Release|Any CPU.ActiveCfg = Release|Any CPU
		{1F1BAB2B-CF94-4108-A0AC-AC0F4C425560}.Release|Any CPU.Build.0 = Release|Any CPU
		{1BB3F7EE-15AC-4417-A27E-FF790D0A960B}.Debug|Any CPU.ActiveCfg = Debug|Any CPU
		{1BB3F7EE-15AC-4417-A27E-FF790D0A960B}.Debug|Any CPU.Build.0 = Debug|Any CPU
		{1BB3F7EE-15AC-4417-A27E-FF790D0A960B}.Release|Any CPU.ActiveCfg = Release|Any CPU
		{1BB3F7EE-15AC-4417-A27E-FF790D0A960B}.Release|Any CPU.Build.0 = Release|Any CPU
		{5E91C845-4CFB-48E8-A431-73C428681389}.Debug|Any CPU.ActiveCfg = Debug|Any CPU
		{5E91C845-4CFB-48E8-A431-73C428681389}.Debug|Any CPU.Build.0 = Debug|Any CPU
		{5E91C845-4CFB-48E8-A431-73C428681389}.Release|Any CPU.ActiveCfg = Release|Any CPU
		{5E91C845-4CFB-48E8-A431-73C428681389}.Release|Any CPU.Build.0 = Release|Any CPU
		{C78925FE-9F35-48F7-B401-82CE0C8CFF41}.Debug|Any CPU.ActiveCfg = Debug|Any CPU
		{C78925FE-9F35-48F7-B401-82CE0C8CFF41}.Debug|Any CPU.Build.0 = Debug|Any CPU
		{C78925FE-9F35-48F7-B401-82CE0C8CFF41}.Release|Any CPU.ActiveCfg = Release|Any CPU
		{C78925FE-9F35-48F7-B401-82CE0C8CFF41}.Release|Any CPU.Build.0 = Release|Any CPU
	EndGlobalSection
	GlobalSection(SolutionProperties) = preSolution
		HideSolutionNode = FALSE
	EndGlobalSection
EndGlobal
