
Microsoft Visual Studio Solution File, Format Version 12.00
# Visual Studio Express 2012 for Windows Desktop
Project("{FAE04EC0-301F-11D3-BF4B-00C04F79EFBC}") = "01.Euclidian3DSpace", "01.Euclidian3DSpace\01.Euclidian3DSpace.csproj", "{EAB89BC9-0548-449A-83FC-BFECCA911C3E}"
EndProject
Project("{FAE04EC0-301F-11D3-BF4B-00C04F79EFBC}") = "02.GenericList", "GenericList\02.GenericList.csproj", "{0592616A-B0DF-4281-822F-776BA661D50C}"
EndProject
Project("{FAE04EC0-301F-11D3-BF4B-00C04F79EFBC}") = "03.InTheMatrix", "03.InTheMatrix\03.InTheMatrix.csproj", "{42F02ABD-4B20-4D30-B60A-DD47CC88C7FE}"
EndProject
Global
	GlobalSection(SolutionConfigurationPlatforms) = preSolution
		Debug|Any CPU = Debug|Any CPU
		Release|Any CPU = Release|Any CPU
	EndGlobalSection
	GlobalSection(ProjectConfigurationPlatforms) = postSolution
		{EAB89BC9-0548-449A-83FC-BFECCA911C3E}.Debug|Any CPU.ActiveCfg = Debug|Any CPU
		{EAB89BC9-0548-449A-83FC-BFECCA911C3E}.Debug|Any CPU.Build.0 = Debug|Any CPU
		{EAB89BC9-0548-449A-83FC-BFECCA911C3E}.Release|Any CPU.ActiveCfg = Release|Any CPU
		{EAB89BC9-0548-449A-83FC-BFECCA911C3E}.Release|Any CPU.Build.0 = Release|Any CPU
		{0592616A-B0DF-4281-822F-776BA661D50C}.Debug|Any CPU.ActiveCfg = Debug|Any CPU
		{0592616A-B0DF-4281-822F-776BA661D50C}.Debug|Any CPU.Build.0 = Debug|Any CPU
		{0592616A-B0DF-4281-822F-776BA661D50C}.Release|Any CPU.ActiveCfg = Release|Any CPU
		{0592616A-B0DF-4281-822F-776BA661D50C}.Release|Any CPU.Build.0 = Release|Any CPU
		{42F02ABD-4B20-4D30-B60A-DD47CC88C7FE}.Debug|Any CPU.ActiveCfg = Debug|Any CPU
		{42F02ABD-4B20-4D30-B60A-DD47CC88C7FE}.Debug|Any CPU.Build.0 = Debug|Any CPU
		{42F02ABD-4B20-4D30-B60A-DD47CC88C7FE}.Release|Any CPU.ActiveCfg = Release|Any CPU
		{42F02ABD-4B20-4D30-B60A-DD47CC88C7FE}.Release|Any CPU.Build.0 = Release|Any CPU
	EndGlobalSection
	GlobalSection(SolutionProperties) = preSolution
		HideSolutionNode = FALSE
	EndGlobalSection
EndGlobal
